
Microsoft Visual Studio Solution File, Format Version 12.00
# Visual Studio Version 16
VisualStudioVersion = 16.0.29926.136
MinimumVisualStudioVersion = 10.0.40219.1
Project("{FAE04EC0-301F-11D3-BF4B-00C04F79EFBC}") = "Comprovador de contrasenyes", "Comprovador de contrasenyes\Comprovador de contrasenyes.csproj", "{FC71DE0A-E34B-46E4-9210-0989FC51673B}"
EndProject
Global
	GlobalSection(SolutionConfigurationPlatforms) = preSolution
		Debug|Any CPU = Debug|Any CPU
		Release|Any CPU = Release|Any CPU
	EndGlobalSection
	GlobalSection(ProjectConfigurationPlatforms) = postSolution
		{FC71DE0A-E34B-46E4-9210-0989FC51673B}.Debug|Any CPU.ActiveCfg = Debug|Any CPU
		{FC71DE0A-E34B-46E4-9210-0989FC51673B}.Debug|Any CPU.Build.0 = Debug|Any CPU
		{FC71DE0A-E34B-46E4-9210-0989FC51673B}.Release|Any CPU.ActiveCfg = Release|Any CPU
		{FC71DE0A-E34B-46E4-9210-0989FC51673B}.Release|Any CPU.Build.0 = Release|Any CPU
	EndGlobalSection
	GlobalSection(SolutionProperties) = preSolution
		HideSolutionNode = FALSE
	EndGlobalSection
	GlobalSection(ExtensibilityGlobals) = postSolution
		SolutionGuid = {A39ECB2E-39AC-46D7-9873-A86B6C39D970}
	EndGlobalSection
EndGlobal
